
Microsoft Visual Studio Solution File, Format Version 12.00
# Visual Studio Version 17
VisualStudioVersion = 17.13.35825.156
MinimumVisualStudioVersion = 10.0.40219.1
Project("{FAE04EC0-301F-11D3-BF4B-00C04F79EFBC}") = "F--", "F--\F--.csproj", "{ADFD464A-2F7E-4127-896C-87FF5B733604}"
EndProject
Project("{FAE04EC0-301F-11D3-BF4B-00C04F79EFBC}") = "F--Installer", "F--Installer\F--Installer.csproj", "{5171F1AA-DCCD-4ED8-916A-8201120B82EA}"
EndProject
Global
	GlobalSection(SolutionConfigurationPlatforms) = preSolution
		Debug|Any CPU = Debug|Any CPU
		Release|Any CPU = Release|Any CPU
	EndGlobalSection
	GlobalSection(ProjectConfigurationPlatforms) = postSolution
		{ADFD464A-2F7E-4127-896C-87FF5B733604}.Debug|Any CPU.ActiveCfg = Debug|Any CPU
		{ADFD464A-2F7E-4127-896C-87FF5B733604}.Debug|Any CPU.Build.0 = Debug|Any CPU
		{ADFD464A-2F7E-4127-896C-87FF5B733604}.Release|Any CPU.ActiveCfg = Release|Any CPU
		{ADFD464A-2F7E-4127-896C-87FF5B733604}.Release|Any CPU.Build.0 = Release|Any CPU
		{5171F1AA-DCCD-4ED8-916A-8201120B82EA}.Debug|Any CPU.ActiveCfg = Debug|Any CPU
		{5171F1AA-DCCD-4ED8-916A-8201120B82EA}.Debug|Any CPU.Build.0 = Debug|Any CPU
		{5171F1AA-DCCD-4ED8-916A-8201120B82EA}.Release|Any CPU.ActiveCfg = Release|Any CPU
		{5171F1AA-DCCD-4ED8-916A-8201120B82EA}.Release|Any CPU.Build.0 = Release|Any CPU
	EndGlobalSection
	GlobalSection(SolutionProperties) = preSolution
		HideSolutionNode = FALSE
	EndGlobalSection
	GlobalSection(ExtensibilityGlobals) = postSolution
		SolutionGuid = {CEBA0F1E-F8FF-4C2E-9639-B92475BD4B37}
	EndGlobalSection
EndGlobal
